// !$*UTF8*$!
{
	archiveVersion = 1;
	classes = {
	};
	objectVersion = 55;
	objects = {

/* Begin PBXBuildFile section */
		0603C85B297DC59D00A6037B /* CarListPresenterTest.swift in Sources */ = {isa = PBXBuildFile; fileRef = 0603C85A297DC59D00A6037B /* CarListPresenterTest.swift */; };
		0603C85D297DC6FF00A6037B /* CarListViewStateMock.swift in Sources */ = {isa = PBXBuildFile; fileRef = 0603C85C297DC6FF00A6037B /* CarListViewStateMock.swift */; };
		0603C860297DE88300A6037B /* CarListRouter.swift in Sources */ = {isa = PBXBuildFile; fileRef = 0603C85F297DE88300A6037B /* CarListRouter.swift */; };
		06098558294E48BD006AE465 /* CombineReachability in Frameworks */ = {isa = PBXBuildFile; productRef = 06098557294E48BD006AE465 /* CombineReachability */; };
		060BF8772953ACE100CA82E8 /* AlertToast in Frameworks */ = {isa = PBXBuildFile; productRef = 060BF8762953ACE100CA82E8 /* AlertToast */; };
		0614172E29E6E06B0016A42E /* Localized.strings in Resources */ = {isa = PBXBuildFile; fileRef = 0614172D29E6E06B0016A42E /* Localized.strings */; };
		061429AA2958C765006FE89B /* Config.swift in Sources */ = {isa = PBXBuildFile; fileRef = 061429A92958C765006FE89B /* Config.swift */; };
		062B9D11294BCF8D00DC645C /* CarListInteractor.swift in Sources */ = {isa = PBXBuildFile; fileRef = 062B9D10294BCF8D00DC645C /* CarListInteractor.swift */; };
		062B9D30294BCFA000DC645C /* RepositoryProtocol.swift in Sources */ = {isa = PBXBuildFile; fileRef = 062B9D13294BCFA000DC645C /* RepositoryProtocol.swift */; };
		062B9D31294BCFA000DC645C /* CarLocalRepository.swift in Sources */ = {isa = PBXBuildFile; fileRef = 062B9D15294BCFA000DC645C /* CarLocalRepository.swift */; };
		062B9D33294BCFA000DC645C /* DataModel_v1.xcdatamodeld in Sources */ = {isa = PBXBuildFile; fileRef = 062B9D17294BCFA000DC645C /* DataModel_v1.xcdatamodeld */; };
		062B9D34294BCFA000DC645C /* CDFetchResultPublisher.swift in Sources */ = {isa = PBXBuildFile; fileRef = 062B9D19294BCFA000DC645C /* CDFetchResultPublisher.swift */; };
		062B9D35294BCFA000DC645C /* CDSaveModelPublisher.swift in Sources */ = {isa = PBXBuildFile; fileRef = 062B9D1A294BCFA000DC645C /* CDSaveModelPublisher.swift */; };
		062B9D37294BCFA000DC645C /* CarAPIClientProtocol.swift in Sources */ = {isa = PBXBuildFile; fileRef = 062B9D1F294BCFA000DC645C /* CarAPIClientProtocol.swift */; };
		062B9D38294BCFA000DC645C /* CarAPIRepository.swift in Sources */ = {isa = PBXBuildFile; fileRef = 062B9D20294BCFA000DC645C /* CarAPIRepository.swift */; };
		062B9D39294BCFA000DC645C /* APIService.swift in Sources */ = {isa = PBXBuildFile; fileRef = 062B9D21294BCFA000DC645C /* APIService.swift */; };
		062B9D3A294BCFA000DC645C /* CarArticleData.swift in Sources */ = {isa = PBXBuildFile; fileRef = 062B9D23294BCFA000DC645C /* CarArticleData.swift */; };
		062B9D3B294BCFA000DC645C /* CarContent.swift in Sources */ = {isa = PBXBuildFile; fileRef = 062B9D24294BCFA000DC645C /* CarContent.swift */; };
		062B9D3C294BCFA000DC645C /* CarViewData.swift in Sources */ = {isa = PBXBuildFile; fileRef = 062B9D25294BCFA000DC645C /* CarViewData.swift */; };
		062B9D3D294BCFA000DC645C /* CarData.swift in Sources */ = {isa = PBXBuildFile; fileRef = 062B9D26294BCFA000DC645C /* CarData.swift */; };
		062B9D3E294BCFA000DC645C /* Assets.xcassets in Resources */ = {isa = PBXBuildFile; fileRef = 062B9D28294BCFA000DC645C /* Assets.xcassets */; };
		062B9D3F294BCFA000DC645C /* Extensions.swift in Sources */ = {isa = PBXBuildFile; fileRef = 062B9D2A294BCFA000DC645C /* Extensions.swift */; };
		062B9D40294BCFA000DC645C /* AppConstants.swift in Sources */ = {isa = PBXBuildFile; fileRef = 062B9D2B294BCFA000DC645C /* AppConstants.swift */; };
		062B9D42294BCFA000DC645C /* CarAPIWorker.swift in Sources */ = {isa = PBXBuildFile; fileRef = 062B9D2E294BCFA000DC645C /* CarAPIWorker.swift */; };
		062B9D43294BCFA000DC645C /* CarPersistenceWorker.swift in Sources */ = {isa = PBXBuildFile; fileRef = 062B9D2F294BCFA000DC645C /* CarPersistenceWorker.swift */; };
		064C5EF32959CAC500B646CA /* Car+CoreDataProperties.swift in Sources */ = {isa = PBXBuildFile; fileRef = 064C5EEF2959CAC500B646CA /* Car+CoreDataProperties.swift */; };
		064C5EF42959CAC500B646CA /* Car+CoreDataClass.swift in Sources */ = {isa = PBXBuildFile; fileRef = 064C5EF02959CAC500B646CA /* Car+CoreDataClass.swift */; };
		064C5EF52959CAC500B646CA /* Content+CoreDataProperties.swift in Sources */ = {isa = PBXBuildFile; fileRef = 064C5EF12959CAC500B646CA /* Content+CoreDataProperties.swift */; };
		064C5EF62959CAC500B646CA /* Content+CoreDataClass.swift in Sources */ = {isa = PBXBuildFile; fileRef = 064C5EF22959CAC500B646CA /* Content+CoreDataClass.swift */; };
		06593E1F294DCF9D00406025 /* CarCell.swift in Sources */ = {isa = PBXBuildFile; fileRef = 06593E1E294DCF9C00406025 /* CarCell.swift */; };
		066FB82B2952633800DAD613 /* CarLocalRepoTest.swift in Sources */ = {isa = PBXBuildFile; fileRef = 066FB82A2952633800DAD613 /* CarLocalRepoTest.swift */; };
		066FB82D2952747B00DAD613 /* CoreDataStackTest.swift in Sources */ = {isa = PBXBuildFile; fileRef = 066FB82C2952747B00DAD613 /* CoreDataStackTest.swift */; };
		066FB82E295336B200DAD613 /* DataModel_v1.xcdatamodeld in Sources */ = {isa = PBXBuildFile; fileRef = 062B9D17294BCFA000DC645C /* DataModel_v1.xcdatamodeld */; };
		066FB83E295381B900DAD613 /* CarAPIRepoTest.swift in Sources */ = {isa = PBXBuildFile; fileRef = 066FB83D295381B900DAD613 /* CarAPIRepoTest.swift */; };
		066FB843295383BC00DAD613 /* CarsTests.swift in Sources */ = {isa = PBXBuildFile; fileRef = 066FB841295383BC00DAD613 /* CarsTests.swift */; };
		066FB8452953A27C00DAD613 /* ProgressLoader.swift in Sources */ = {isa = PBXBuildFile; fileRef = 066FB8442953A27C00DAD613 /* ProgressLoader.swift */; };
		066FB8462953A27C00DAD613 /* ProgressLoader.swift in Sources */ = {isa = PBXBuildFile; fileRef = 066FB8442953A27C00DAD613 /* ProgressLoader.swift */; };
		066FB8482953A66B00DAD613 /* SplashView.swift in Sources */ = {isa = PBXBuildFile; fileRef = 066FB8472953A66B00DAD613 /* SplashView.swift */; };
		0676C8E92954C8910026986F /* CarListInteractorTest.swift in Sources */ = {isa = PBXBuildFile; fileRef = 0676C8E82954C8910026986F /* CarListInteractorTest.swift */; };
		0676C8EB29578AC50026986F /* PersistenceService.swift in Sources */ = {isa = PBXBuildFile; fileRef = 0676C8EA29578AC50026986F /* PersistenceService.swift */; };
		068701E8294B9F0200C48AAB /* CarsApp.swift in Sources */ = {isa = PBXBuildFile; fileRef = 068701E7294B9F0200C48AAB /* CarsApp.swift */; };
		068701EA294B9F0200C48AAB /* CarListView.swift in Sources */ = {isa = PBXBuildFile; fileRef = 068701E9294B9F0200C48AAB /* CarListView.swift */; };
		068701EF294B9F0600C48AAB /* Preview Assets.xcassets in Resources */ = {isa = PBXBuildFile; fileRef = 068701EE294B9F0600C48AAB /* Preview Assets.xcassets */; };
		06870203294B9F0600C48AAB /* CarsUITests.swift in Sources */ = {isa = PBXBuildFile; fileRef = 06870202294B9F0600C48AAB /* CarsUITests.swift */; };
		06870205294B9F0600C48AAB /* CarsUITestsLaunchTests.swift in Sources */ = {isa = PBXBuildFile; fileRef = 06870204294B9F0600C48AAB /* CarsUITestsLaunchTests.swift */; };
		06870245294BA0F100C48AAB /* Swinject in Frameworks */ = {isa = PBXBuildFile; productRef = 06870244294BA0F100C48AAB /* Swinject */; };
		06870256294BB87500C48AAB /* SceneDelegate.swift in Sources */ = {isa = PBXBuildFile; fileRef = 06870255294BB87500C48AAB /* SceneDelegate.swift */; };
		06870259294BBC8100C48AAB /* AppDelegate.swift in Sources */ = {isa = PBXBuildFile; fileRef = 06870258294BBC8100C48AAB /* AppDelegate.swift */; };
		0690ECB02979ADFB00FE6C96 /* CarListPresenter.swift in Sources */ = {isa = PBXBuildFile; fileRef = 0690ECAF2979ADFB00FE6C96 /* CarListPresenter.swift */; };
		0690ECE92979F6D500FE6C96 /* CarListViewState.swift in Sources */ = {isa = PBXBuildFile; fileRef = 0690ECE82979F6D500FE6C96 /* CarListViewState.swift */; };
		0690ECEB297A04F500FE6C96 /* CarListConfigurator.swift in Sources */ = {isa = PBXBuildFile; fileRef = 0690ECEA297A04F400FE6C96 /* CarListConfigurator.swift */; };
		0690ECED297B4A9C00FE6C96 /* MockCarListPresenter.swift in Sources */ = {isa = PBXBuildFile; fileRef = 0690ECEC297B4A9C00FE6C96 /* MockCarListPresenter.swift */; };
		0690ECEF297B4EA200FE6C96 /* NetworkReachability.swift in Sources */ = {isa = PBXBuildFile; fileRef = 0690ECEE297B4EA200FE6C96 /* NetworkReachability.swift */; };
		06929BCD297B60E1006B47CE /* MockNetworkReachability.swift in Sources */ = {isa = PBXBuildFile; fileRef = 06929BCC297B60E1006B47CE /* MockNetworkReachability.swift */; };
		06ADD9042950619A0022658B /* MockCarAPIRepository.swift in Sources */ = {isa = PBXBuildFile; fileRef = 06ADD9032950619A0022658B /* MockCarAPIRepository.swift */; };
		06ADD90C2950E4BE0022658B /* @Mock-ArticleData.json in Resources */ = {isa = PBXBuildFile; fileRef = 06ADD90B2950E4BE0022658B /* @Mock-ArticleData.json */; };
		06ADD90E2950E51B0022658B /* @Mock-Empty-ArticleData.json in Resources */ = {isa = PBXBuildFile; fileRef = 06ADD90D2950E51B0022658B /* @Mock-Empty-ArticleData.json */; };
		06ADD9122951E0930022658B /* PersistentStoringProtocol.swift in Sources */ = {isa = PBXBuildFile; fileRef = 06ADD9112951E0930022658B /* PersistentStoringProtocol.swift */; };
		06ADD9142951FA190022658B /* CoreDataStack.swift in Sources */ = {isa = PBXBuildFile; fileRef = 06ADD9132951FA190022658B /* CoreDataStack.swift */; };
		06E0ED24294BD0D400AD4D31 /* DIContainer.swift in Sources */ = {isa = PBXBuildFile; fileRef = 06E0ED23294BD0D400AD4D31 /* DIContainer.swift */; };
/* End PBXBuildFile section */

/* Begin PBXContainerItemProxy section */
		068701F5294B9F0600C48AAB /* PBXContainerItemProxy */ = {
			isa = PBXContainerItemProxy;
			containerPortal = 068701DC294B9F0200C48AAB /* Project object */;
			proxyType = 1;
			remoteGlobalIDString = 068701E3294B9F0200C48AAB;
			remoteInfo = Cars;
		};
		068701FF294B9F0600C48AAB /* PBXContainerItemProxy */ = {
			isa = PBXContainerItemProxy;
			containerPortal = 068701DC294B9F0200C48AAB /* Project object */;
			proxyType = 1;
			remoteGlobalIDString = 068701E3294B9F0200C48AAB;
			remoteInfo = Cars;
		};
/* End PBXContainerItemProxy section */

/* Begin PBXFileReference section */
		0603C85A297DC59D00A6037B /* CarListPresenterTest.swift */ = {isa = PBXFileReference; lastKnownFileType = sourcecode.swift; path = CarListPresenterTest.swift; sourceTree = "<group>"; };
		0603C85C297DC6FF00A6037B /* CarListViewStateMock.swift */ = {isa = PBXFileReference; lastKnownFileType = sourcecode.swift; path = CarListViewStateMock.swift; sourceTree = "<group>"; };
		0603C85F297DE88300A6037B /* CarListRouter.swift */ = {isa = PBXFileReference; lastKnownFileType = sourcecode.swift; path = CarListRouter.swift; sourceTree = "<group>"; };
		0614172D29E6E06B0016A42E /* Localized.strings */ = {isa = PBXFileReference; lastKnownFileType = text.plist.strings; path = Localized.strings; sourceTree = "<group>"; };
		061429A62958C56C006FE89B /* Debug.xcconfig */ = {isa = PBXFileReference; lastKnownFileType = text.xcconfig; path = Debug.xcconfig; sourceTree = "<group>"; };
		061429A72958C57F006FE89B /* Staging.xcconfig */ = {isa = PBXFileReference; lastKnownFileType = text.xcconfig; path = Staging.xcconfig; sourceTree = "<group>"; };
		061429A82958C58F006FE89B /* Release.xcconfig */ = {isa = PBXFileReference; lastKnownFileType = text.xcconfig; path = Release.xcconfig; sourceTree = "<group>"; };
		061429A92958C765006FE89B /* Config.swift */ = {isa = PBXFileReference; lastKnownFileType = sourcecode.swift; path = Config.swift; sourceTree = "<group>"; };
		062B9D10294BCF8D00DC645C /* CarListInteractor.swift */ = {isa = PBXFileReference; fileEncoding = 4; lastKnownFileType = sourcecode.swift; path = CarListInteractor.swift; sourceTree = "<group>"; };
		062B9D13294BCFA000DC645C /* RepositoryProtocol.swift */ = {isa = PBXFileReference; fileEncoding = 4; lastKnownFileType = sourcecode.swift; path = RepositoryProtocol.swift; sourceTree = "<group>"; };
		062B9D15294BCFA000DC645C /* CarLocalRepository.swift */ = {isa = PBXFileReference; fileEncoding = 4; lastKnownFileType = sourcecode.swift; path = CarLocalRepository.swift; sourceTree = "<group>"; };
		062B9D18294BCFA000DC645C /* DataModel_v1.xcdatamodel */ = {isa = PBXFileReference; lastKnownFileType = wrapper.xcdatamodel; path = DataModel_v1.xcdatamodel; sourceTree = "<group>"; };
		062B9D19294BCFA000DC645C /* CDFetchResultPublisher.swift */ = {isa = PBXFileReference; fileEncoding = 4; lastKnownFileType = sourcecode.swift; path = CDFetchResultPublisher.swift; sourceTree = "<group>"; };
		062B9D1A294BCFA000DC645C /* CDSaveModelPublisher.swift */ = {isa = PBXFileReference; fileEncoding = 4; lastKnownFileType = sourcecode.swift; path = CDSaveModelPublisher.swift; sourceTree = "<group>"; };
		062B9D1F294BCFA000DC645C /* CarAPIClientProtocol.swift */ = {isa = PBXFileReference; fileEncoding = 4; lastKnownFileType = sourcecode.swift; path = CarAPIClientProtocol.swift; sourceTree = "<group>"; };
		062B9D20294BCFA000DC645C /* CarAPIRepository.swift */ = {isa = PBXFileReference; fileEncoding = 4; lastKnownFileType = sourcecode.swift; path = CarAPIRepository.swift; sourceTree = "<group>"; };
		062B9D21294BCFA000DC645C /* APIService.swift */ = {isa = PBXFileReference; fileEncoding = 4; lastKnownFileType = sourcecode.swift; path = APIService.swift; sourceTree = "<group>"; };
		062B9D23294BCFA000DC645C /* CarArticleData.swift */ = {isa = PBXFileReference; fileEncoding = 4; lastKnownFileType = sourcecode.swift; path = CarArticleData.swift; sourceTree = "<group>"; };
		062B9D24294BCFA000DC645C /* CarContent.swift */ = {isa = PBXFileReference; fileEncoding = 4; lastKnownFileType = sourcecode.swift; path = CarContent.swift; sourceTree = "<group>"; };
		062B9D25294BCFA000DC645C /* CarViewData.swift */ = {isa = PBXFileReference; fileEncoding = 4; lastKnownFileType = sourcecode.swift; path = CarViewData.swift; sourceTree = "<group>"; };
		062B9D26294BCFA000DC645C /* CarData.swift */ = {isa = PBXFileReference; fileEncoding = 4; lastKnownFileType = sourcecode.swift; path = CarData.swift; sourceTree = "<group>"; };
		062B9D28294BCFA000DC645C /* Assets.xcassets */ = {isa = PBXFileReference; lastKnownFileType = folder.assetcatalog; path = Assets.xcassets; sourceTree = "<group>"; };
		062B9D2A294BCFA000DC645C /* Extensions.swift */ = {isa = PBXFileReference; fileEncoding = 4; lastKnownFileType = sourcecode.swift; path = Extensions.swift; sourceTree = "<group>"; };
		062B9D2B294BCFA000DC645C /* AppConstants.swift */ = {isa = PBXFileReference; fileEncoding = 4; lastKnownFileType = sourcecode.swift; path = AppConstants.swift; sourceTree = "<group>"; };
		062B9D2E294BCFA000DC645C /* CarAPIWorker.swift */ = {isa = PBXFileReference; fileEncoding = 4; lastKnownFileType = sourcecode.swift; path = CarAPIWorker.swift; sourceTree = "<group>"; };
		062B9D2F294BCFA000DC645C /* CarPersistenceWorker.swift */ = {isa = PBXFileReference; fileEncoding = 4; lastKnownFileType = sourcecode.swift; path = CarPersistenceWorker.swift; sourceTree = "<group>"; };
		064C5EEF2959CAC500B646CA /* Car+CoreDataProperties.swift */ = {isa = PBXFileReference; fileEncoding = 4; lastKnownFileType = sourcecode.swift; path = "Car+CoreDataProperties.swift"; sourceTree = "<group>"; };
		064C5EF02959CAC500B646CA /* Car+CoreDataClass.swift */ = {isa = PBXFileReference; fileEncoding = 4; lastKnownFileType = sourcecode.swift; path = "Car+CoreDataClass.swift"; sourceTree = "<group>"; };
		064C5EF12959CAC500B646CA /* Content+CoreDataProperties.swift */ = {isa = PBXFileReference; fileEncoding = 4; lastKnownFileType = sourcecode.swift; path = "Content+CoreDataProperties.swift"; sourceTree = "<group>"; };
		064C5EF22959CAC500B646CA /* Content+CoreDataClass.swift */ = {isa = PBXFileReference; fileEncoding = 4; lastKnownFileType = sourcecode.swift; path = "Content+CoreDataClass.swift"; sourceTree = "<group>"; };
		06593E1E294DCF9C00406025 /* CarCell.swift */ = {isa = PBXFileReference; lastKnownFileType = sourcecode.swift; path = CarCell.swift; sourceTree = "<group>"; };
		066FB82A2952633800DAD613 /* CarLocalRepoTest.swift */ = {isa = PBXFileReference; lastKnownFileType = sourcecode.swift; path = CarLocalRepoTest.swift; sourceTree = "<group>"; };
		066FB82C2952747B00DAD613 /* CoreDataStackTest.swift */ = {isa = PBXFileReference; lastKnownFileType = sourcecode.swift; path = CoreDataStackTest.swift; sourceTree = "<group>"; };
		066FB83D295381B900DAD613 /* CarAPIRepoTest.swift */ = {isa = PBXFileReference; lastKnownFileType = sourcecode.swift; path = CarAPIRepoTest.swift; sourceTree = "<group>"; };
		066FB841295383BC00DAD613 /* CarsTests.swift */ = {isa = PBXFileReference; fileEncoding = 4; lastKnownFileType = sourcecode.swift; path = CarsTests.swift; sourceTree = "<group>"; };
		066FB8442953A27C00DAD613 /* ProgressLoader.swift */ = {isa = PBXFileReference; lastKnownFileType = sourcecode.swift; path = ProgressLoader.swift; sourceTree = "<group>"; };
		066FB8472953A66B00DAD613 /* SplashView.swift */ = {isa = PBXFileReference; lastKnownFileType = sourcecode.swift; path = SplashView.swift; sourceTree = "<group>"; };
		0676C8E82954C8910026986F /* CarListInteractorTest.swift */ = {isa = PBXFileReference; lastKnownFileType = sourcecode.swift; path = CarListInteractorTest.swift; sourceTree = "<group>"; };
		0676C8EA29578AC50026986F /* PersistenceService.swift */ = {isa = PBXFileReference; lastKnownFileType = sourcecode.swift; path = PersistenceService.swift; sourceTree = "<group>"; };
		068701E4294B9F0200C48AAB /* Cars.app */ = {isa = PBXFileReference; explicitFileType = wrapper.application; includeInIndex = 0; path = Cars.app; sourceTree = BUILT_PRODUCTS_DIR; };
		068701E7294B9F0200C48AAB /* CarsApp.swift */ = {isa = PBXFileReference; lastKnownFileType = sourcecode.swift; path = CarsApp.swift; sourceTree = "<group>"; };
		068701E9294B9F0200C48AAB /* CarListView.swift */ = {isa = PBXFileReference; lastKnownFileType = sourcecode.swift; path = CarListView.swift; sourceTree = "<group>"; };
		068701EE294B9F0600C48AAB /* Preview Assets.xcassets */ = {isa = PBXFileReference; lastKnownFileType = folder.assetcatalog; path = "Preview Assets.xcassets"; sourceTree = "<group>"; };
		068701F4294B9F0600C48AAB /* CarsTests.xctest */ = {isa = PBXFileReference; explicitFileType = wrapper.cfbundle; includeInIndex = 0; path = CarsTests.xctest; sourceTree = BUILT_PRODUCTS_DIR; };
		068701FE294B9F0600C48AAB /* CarsUITests.xctest */ = {isa = PBXFileReference; explicitFileType = wrapper.cfbundle; includeInIndex = 0; path = CarsUITests.xctest; sourceTree = BUILT_PRODUCTS_DIR; };
		06870202294B9F0600C48AAB /* CarsUITests.swift */ = {isa = PBXFileReference; lastKnownFileType = sourcecode.swift; path = CarsUITests.swift; sourceTree = "<group>"; };
		06870204294B9F0600C48AAB /* CarsUITestsLaunchTests.swift */ = {isa = PBXFileReference; lastKnownFileType = sourcecode.swift; path = CarsUITestsLaunchTests.swift; sourceTree = "<group>"; };
		06870255294BB87500C48AAB /* SceneDelegate.swift */ = {isa = PBXFileReference; lastKnownFileType = sourcecode.swift; path = SceneDelegate.swift; sourceTree = "<group>"; };
		06870257294BB92D00C48AAB /* Info.plist */ = {isa = PBXFileReference; lastKnownFileType = text.plist.xml; path = Info.plist; sourceTree = "<group>"; };
		06870258294BBC8100C48AAB /* AppDelegate.swift */ = {isa = PBXFileReference; lastKnownFileType = sourcecode.swift; path = AppDelegate.swift; sourceTree = "<group>"; };
		0690ECAF2979ADFB00FE6C96 /* CarListPresenter.swift */ = {isa = PBXFileReference; lastKnownFileType = sourcecode.swift; path = CarListPresenter.swift; sourceTree = "<group>"; };
		0690ECE82979F6D500FE6C96 /* CarListViewState.swift */ = {isa = PBXFileReference; lastKnownFileType = sourcecode.swift; path = CarListViewState.swift; sourceTree = "<group>"; };
		0690ECEA297A04F400FE6C96 /* CarListConfigurator.swift */ = {isa = PBXFileReference; lastKnownFileType = sourcecode.swift; path = CarListConfigurator.swift; sourceTree = "<group>"; };
		0690ECEC297B4A9C00FE6C96 /* MockCarListPresenter.swift */ = {isa = PBXFileReference; lastKnownFileType = sourcecode.swift; path = MockCarListPresenter.swift; sourceTree = "<group>"; };
		0690ECEE297B4EA200FE6C96 /* NetworkReachability.swift */ = {isa = PBXFileReference; lastKnownFileType = sourcecode.swift; path = NetworkReachability.swift; sourceTree = "<group>"; };
		06929BCC297B60E1006B47CE /* MockNetworkReachability.swift */ = {isa = PBXFileReference; lastKnownFileType = sourcecode.swift; path = MockNetworkReachability.swift; sourceTree = "<group>"; };
		06ADD9032950619A0022658B /* MockCarAPIRepository.swift */ = {isa = PBXFileReference; lastKnownFileType = sourcecode.swift; path = MockCarAPIRepository.swift; sourceTree = "<group>"; };
		06ADD90B2950E4BE0022658B /* @Mock-ArticleData.json */ = {isa = PBXFileReference; fileEncoding = 4; lastKnownFileType = text.json; path = "@Mock-ArticleData.json"; sourceTree = "<group>"; };
		06ADD90D2950E51B0022658B /* @Mock-Empty-ArticleData.json */ = {isa = PBXFileReference; lastKnownFileType = text.json; path = "@Mock-Empty-ArticleData.json"; sourceTree = "<group>"; };
		06ADD9112951E0930022658B /* PersistentStoringProtocol.swift */ = {isa = PBXFileReference; lastKnownFileType = sourcecode.swift; path = PersistentStoringProtocol.swift; sourceTree = "<group>"; };
		06ADD9132951FA190022658B /* CoreDataStack.swift */ = {isa = PBXFileReference; fileEncoding = 4; lastKnownFileType = sourcecode.swift; path = CoreDataStack.swift; sourceTree = "<group>"; };
		06E0ED23294BD0D400AD4D31 /* DIContainer.swift */ = {isa = PBXFileReference; fileEncoding = 4; lastKnownFileType = sourcecode.swift; path = DIContainer.swift; sourceTree = "<group>"; };
/* End PBXFileReference section */

/* Begin PBXFrameworksBuildPhase section */
		068701E1294B9F0200C48AAB /* Frameworks */ = {
			isa = PBXFrameworksBuildPhase;
			buildActionMask = 2147483647;
			files = (
				060BF8772953ACE100CA82E8 /* AlertToast in Frameworks */,
				06870245294BA0F100C48AAB /* Swinject in Frameworks */,
				06098558294E48BD006AE465 /* CombineReachability in Frameworks */,
			);
			runOnlyForDeploymentPostprocessing = 0;
		};
		068701F1294B9F0600C48AAB /* Frameworks */ = {
			isa = PBXFrameworksBuildPhase;
			buildActionMask = 2147483647;
			files = (
			);
			runOnlyForDeploymentPostprocessing = 0;
		};
		068701FB294B9F0600C48AAB /* Frameworks */ = {
			isa = PBXFrameworksBuildPhase;
			buildActionMask = 2147483647;
			files = (
			);
			runOnlyForDeploymentPostprocessing = 0;
		};
/* End PBXFrameworksBuildPhase section */

/* Begin PBXGroup section */
		0603C85E297DE85D00A6037B /* Router */ = {
			isa = PBXGroup;
			children = (
				0603C85F297DE88300A6037B /* CarListRouter.swift */,
			);
			path = Router;
			sourceTree = "<group>";
		};
		0614172C29E6E0410016A42E /* Localizables */ = {
			isa = PBXGroup;
			children = (
				0614172D29E6E06B0016A42E /* Localized.strings */,
			);
			path = Localizables;
			sourceTree = "<group>";
		};
		0614173029E6E3660016A42E /* viper */ = {
			isa = PBXGroup;
			children = (
			);
			path = viper;
			sourceTree = "<group>";
		};
		061429A52958C4C2006FE89B /* ENV */ = {
			isa = PBXGroup;
			children = (
				061429A62958C56C006FE89B /* Debug.xcconfig */,
				061429A72958C57F006FE89B /* Staging.xcconfig */,
				061429A82958C58F006FE89B /* Release.xcconfig */,
			);
			path = ENV;
			sourceTree = "<group>";
		};
		062B9D0F294BCF8D00DC645C /* ViewModel */ = {
			isa = PBXGroup;
			children = (
				0690ECE82979F6D500FE6C96 /* CarListViewState.swift */,
			);
			path = ViewModel;
			sourceTree = "<group>";
		};
		062B9D12294BCF9F00DC645C /* Repository */ = {
			isa = PBXGroup;
			children = (
				062B9D13294BCFA000DC645C /* RepositoryProtocol.swift */,
				062B9D14294BCFA000DC645C /* Persistence */,
				062B9D1E294BCFA000DC645C /* API */,
			);
			path = Repository;
			sourceTree = "<group>";
		};
		062B9D14294BCFA000DC645C /* Persistence */ = {
			isa = PBXGroup;
			children = (
				066FB83C2953813100DAD613 /* CoreData Model */,
				062B9D1D294BCFA000DC645C /* Entities */,
				066FB83B295380F300DAD613 /* CoreDataPublishers */,
				06ADD9112951E0930022658B /* PersistentStoringProtocol.swift */,
				062B9D15294BCFA000DC645C /* CarLocalRepository.swift */,
				06ADD9132951FA190022658B /* CoreDataStack.swift */,
				0676C8EA29578AC50026986F /* PersistenceService.swift */,
			);
			path = Persistence;
			sourceTree = "<group>";
		};
		062B9D1D294BCFA000DC645C /* Entities */ = {
			isa = PBXGroup;
			children = (
				064C5EF02959CAC500B646CA /* Car+CoreDataClass.swift */,
				064C5EEF2959CAC500B646CA /* Car+CoreDataProperties.swift */,
				064C5EF22959CAC500B646CA /* Content+CoreDataClass.swift */,
				064C5EF12959CAC500B646CA /* Content+CoreDataProperties.swift */,
			);
			path = Entities;
			sourceTree = "<group>";
		};
		062B9D1E294BCFA000DC645C /* API */ = {
			isa = PBXGroup;
			children = (
				062B9D1F294BCFA000DC645C /* CarAPIClientProtocol.swift */,
				062B9D20294BCFA000DC645C /* CarAPIRepository.swift */,
				062B9D21294BCFA000DC645C /* APIService.swift */,
			);
			path = API;
			sourceTree = "<group>";
		};
		062B9D22294BCFA000DC645C /* Models */ = {
			isa = PBXGroup;
			children = (
				062B9D23294BCFA000DC645C /* CarArticleData.swift */,
				062B9D24294BCFA000DC645C /* CarContent.swift */,
				062B9D25294BCFA000DC645C /* CarViewData.swift */,
				062B9D26294BCFA000DC645C /* CarData.swift */,
			);
			path = Models;
			sourceTree = "<group>";
		};
		062B9D27294BCFA000DC645C /* Resources */ = {
			isa = PBXGroup;
			children = (
				062B9D28294BCFA000DC645C /* Assets.xcassets */,
			);
			path = Resources;
			sourceTree = "<group>";
		};
		062B9D29294BCFA000DC645C /* Helpers */ = {
			isa = PBXGroup;
			children = (
				0614172C29E6E0410016A42E /* Localizables */,
				062B9D2A294BCFA000DC645C /* Extensions.swift */,
				062B9D2B294BCFA000DC645C /* AppConstants.swift */,
				066FB8442953A27C00DAD613 /* ProgressLoader.swift */,
			);
			path = Helpers;
			sourceTree = "<group>";
		};
		062B9D2C294BCFA000DC645C /* Workers */ = {
			isa = PBXGroup;
			children = (
				062B9D2E294BCFA000DC645C /* CarAPIWorker.swift */,
				062B9D2F294BCFA000DC645C /* CarPersistenceWorker.swift */,
			);
			path = Workers;
			sourceTree = "<group>";
		};
		066FB83B295380F300DAD613 /* CoreDataPublishers */ = {
			isa = PBXGroup;
			children = (
				062B9D19294BCFA000DC645C /* CDFetchResultPublisher.swift */,
				062B9D1A294BCFA000DC645C /* CDSaveModelPublisher.swift */,
			);
			path = CoreDataPublishers;
			sourceTree = "<group>";
		};
		066FB83C2953813100DAD613 /* CoreData Model */ = {
			isa = PBXGroup;
			children = (
				062B9D17294BCFA000DC645C /* DataModel_v1.xcdatamodeld */,
			);
			path = "CoreData Model";
			sourceTree = "<group>";
		};
		066FB83F295382B100DAD613 /* Tests */ = {
			isa = PBXGroup;
			children = (
				066FB82A2952633800DAD613 /* CarLocalRepoTest.swift */,
				066FB83D295381B900DAD613 /* CarAPIRepoTest.swift */,
				0676C8E82954C8910026986F /* CarListInteractorTest.swift */,
				0603C85A297DC59D00A6037B /* CarListPresenterTest.swift */,
			);
			path = Tests;
			sourceTree = "<group>";
		};
		066FB840295382C700DAD613 /* Mock Clients */ = {
			isa = PBXGroup;
			children = (
				06ADD9032950619A0022658B /* MockCarAPIRepository.swift */,
				066FB82C2952747B00DAD613 /* CoreDataStackTest.swift */,
				0690ECEC297B4A9C00FE6C96 /* MockCarListPresenter.swift */,
				06929BCC297B60E1006B47CE /* MockNetworkReachability.swift */,
				0603C85C297DC6FF00A6037B /* CarListViewStateMock.swift */,
			);
			path = "Mock Clients";
			sourceTree = "<group>";
		};
		068701DB294B9F0200C48AAB = {
			isa = PBXGroup;
			children = (
				068701E6294B9F0200C48AAB /* Cars */,
				068701F7294B9F0600C48AAB /* CarsTests */,
				06870201294B9F0600C48AAB /* CarsUITests */,
				068701E5294B9F0200C48AAB /* Products */,
			);
			sourceTree = "<group>";
		};
		068701E5294B9F0200C48AAB /* Products */ = {
			isa = PBXGroup;
			children = (
				068701E4294B9F0200C48AAB /* Cars.app */,
				068701F4294B9F0600C48AAB /* CarsTests.xctest */,
				068701FE294B9F0600C48AAB /* CarsUITests.xctest */,
			);
			name = Products;
			sourceTree = "<group>";
		};
		068701E6294B9F0200C48AAB /* Cars */ = {
			isa = PBXGroup;
			children = (
				0614173029E6E3660016A42E /* viper */,
				0603C85E297DE85D00A6037B /* Router */,
				0690ECE72979F6BB00FE6C96 /* Interactor */,
				0690ECAE2979ADDE00FE6C96 /* Presenter */,
				06870242294BA00500C48AAB /* View */,
				062B9D0F294BCF8D00DC645C /* ViewModel */,
				062B9D2C294BCFA000DC645C /* Workers */,
				062B9D12294BCF9F00DC645C /* Repository */,
				062B9D22294BCFA000DC645C /* Models */,
				062B9D29294BCFA000DC645C /* Helpers */,
				062B9D27294BCFA000DC645C /* Resources */,
				0687023F294B9FDF00C48AAB /* Root */,
				068701ED294B9F0600C48AAB /* Preview Content */,
				06870257294BB92D00C48AAB /* Info.plist */,
			);
			path = Cars;
			sourceTree = "<group>";
		};
		068701ED294B9F0600C48AAB /* Preview Content */ = {
			isa = PBXGroup;
			children = (
				068701EE294B9F0600C48AAB /* Preview Assets.xcassets */,
			);
			path = "Preview Content";
			sourceTree = "<group>";
		};
		068701F7294B9F0600C48AAB /* CarsTests */ = {
			isa = PBXGroup;
			children = (
				066FB841295383BC00DAD613 /* CarsTests.swift */,
				066FB83F295382B100DAD613 /* Tests */,
				066FB840295382C700DAD613 /* Mock Clients */,
				06ADD9052950822F0022658B /* Mock Data */,
			);
			path = CarsTests;
			sourceTree = "<group>";
		};
		06870201294B9F0600C48AAB /* CarsUITests */ = {
			isa = PBXGroup;
			children = (
				06870202294B9F0600C48AAB /* CarsUITests.swift */,
				06870204294B9F0600C48AAB /* CarsUITestsLaunchTests.swift */,
			);
			path = CarsUITests;
			sourceTree = "<group>";
		};
		0687023F294B9FDF00C48AAB /* Root */ = {
			isa = PBXGroup;
			children = (
				061429A52958C4C2006FE89B /* ENV */,
				068701E7294B9F0200C48AAB /* CarsApp.swift */,
				06870255294BB87500C48AAB /* SceneDelegate.swift */,
				06870258294BBC8100C48AAB /* AppDelegate.swift */,
				06E0ED23294BD0D400AD4D31 /* DIContainer.swift */,
				061429A92958C765006FE89B /* Config.swift */,
			);
			path = Root;
			sourceTree = "<group>";
		};
		06870242294BA00500C48AAB /* View */ = {
			isa = PBXGroup;
			children = (
				068701E9294B9F0200C48AAB /* CarListView.swift */,
				06593E1E294DCF9C00406025 /* CarCell.swift */,
				066FB8472953A66B00DAD613 /* SplashView.swift */,
				0690ECEA297A04F400FE6C96 /* CarListConfigurator.swift */,
			);
			path = View;
			sourceTree = "<group>";
		};
		0690ECAE2979ADDE00FE6C96 /* Presenter */ = {
			isa = PBXGroup;
			children = (
				0690ECAF2979ADFB00FE6C96 /* CarListPresenter.swift */,
			);
			path = Presenter;
			sourceTree = "<group>";
		};
		0690ECE72979F6BB00FE6C96 /* Interactor */ = {
			isa = PBXGroup;
			children = (
				062B9D10294BCF8D00DC645C /* CarListInteractor.swift */,
				0690ECEE297B4EA200FE6C96 /* NetworkReachability.swift */,
			);
			path = Interactor;
			sourceTree = "<group>";
		};
		06ADD9052950822F0022658B /* Mock Data */ = {
			isa = PBXGroup;
			children = (
				06ADD90B2950E4BE0022658B /* @Mock-ArticleData.json */,
				06ADD90D2950E51B0022658B /* @Mock-Empty-ArticleData.json */,
			);
			path = "Mock Data";
			sourceTree = "<group>";
		};
/* End PBXGroup section */

/* Begin PBXNativeTarget section */
		068701E3294B9F0200C48AAB /* Cars */ = {
			isa = PBXNativeTarget;
			buildConfigurationList = 06870208294B9F0600C48AAB /* Build configuration list for PBXNativeTarget "Cars" */;
			buildPhases = (
				068701E0294B9F0200C48AAB /* Sources */,
				068701E1294B9F0200C48AAB /* Frameworks */,
				068701E2294B9F0200C48AAB /* Resources */,
			);
			buildRules = (
			);
			dependencies = (
			);
			name = Cars;
			packageProductDependencies = (
				06870244294BA0F100C48AAB /* Swinject */,
				06098557294E48BD006AE465 /* CombineReachability */,
				060BF8762953ACE100CA82E8 /* AlertToast */,
			);
			productName = Cars;
			productReference = 068701E4294B9F0200C48AAB /* Cars.app */;
			productType = "com.apple.product-type.application";
		};
		068701F3294B9F0600C48AAB /* CarsTests */ = {
			isa = PBXNativeTarget;
			buildConfigurationList = 0687020B294B9F0600C48AAB /* Build configuration list for PBXNativeTarget "CarsTests" */;
			buildPhases = (
				068701F0294B9F0600C48AAB /* Sources */,
				068701F1294B9F0600C48AAB /* Frameworks */,
				068701F2294B9F0600C48AAB /* Resources */,
			);
			buildRules = (
			);
			dependencies = (
				068701F6294B9F0600C48AAB /* PBXTargetDependency */,
			);
			name = CarsTests;
			productName = CarsTests;
			productReference = 068701F4294B9F0600C48AAB /* CarsTests.xctest */;
			productType = "com.apple.product-type.bundle.unit-test";
		};
		068701FD294B9F0600C48AAB /* CarsUITests */ = {
			isa = PBXNativeTarget;
			buildConfigurationList = 0687020E294B9F0600C48AAB /* Build configuration list for PBXNativeTarget "CarsUITests" */;
			buildPhases = (
				068701FA294B9F0600C48AAB /* Sources */,
				068701FB294B9F0600C48AAB /* Frameworks */,
				068701FC294B9F0600C48AAB /* Resources */,
			);
			buildRules = (
			);
			dependencies = (
				06870200294B9F0600C48AAB /* PBXTargetDependency */,
			);
			name = CarsUITests;
			productName = CarsUITests;
			productReference = 068701FE294B9F0600C48AAB /* CarsUITests.xctest */;
			productType = "com.apple.product-type.bundle.ui-testing";
		};
/* End PBXNativeTarget section */

/* Begin PBXProject section */
		068701DC294B9F0200C48AAB /* Project object */ = {
			isa = PBXProject;
			attributes = {
				BuildIndependentTargetsInParallel = 1;
				LastSwiftUpdateCheck = 1310;
				LastUpgradeCheck = 1310;
				TargetAttributes = {
					068701E3294B9F0200C48AAB = {
						CreatedOnToolsVersion = 13.1;
					};
					068701F3294B9F0600C48AAB = {
						CreatedOnToolsVersion = 13.1;
						TestTargetID = 068701E3294B9F0200C48AAB;
					};
					068701FD294B9F0600C48AAB = {
						CreatedOnToolsVersion = 13.1;
						TestTargetID = 068701E3294B9F0200C48AAB;
					};
				};
			};
			buildConfigurationList = 068701DF294B9F0200C48AAB /* Build configuration list for PBXProject "Cars" */;
			compatibilityVersion = "Xcode 13.0";
			developmentRegion = en;
			hasScannedForEncodings = 0;
			knownRegions = (
				en,
				Base,
			);
			mainGroup = 068701DB294B9F0200C48AAB;
			packageReferences = (
				06870243294BA0F100C48AAB /* XCRemoteSwiftPackageReference "Swinject" */,
				06098556294E48BD006AE465 /* XCRemoteSwiftPackageReference "CombineReachability" */,
				060BF8752953ACE100CA82E8 /* XCRemoteSwiftPackageReference "AlertToast" */,
			);
			productRefGroup = 068701E5294B9F0200C48AAB /* Products */;
			projectDirPath = "";
			projectRoot = "";
			targets = (
				068701E3294B9F0200C48AAB /* Cars */,
				068701F3294B9F0600C48AAB /* CarsTests */,
				068701FD294B9F0600C48AAB /* CarsUITests */,
			);
		};
/* End PBXProject section */

/* Begin PBXResourcesBuildPhase section */
		068701E2294B9F0200C48AAB /* Resources */ = {
			isa = PBXResourcesBuildPhase;
			buildActionMask = 2147483647;
			files = (
				0614172E29E6E06B0016A42E /* Localized.strings in Resources */,
				062B9D3E294BCFA000DC645C /* Assets.xcassets in Resources */,
				068701EF294B9F0600C48AAB /* Preview Assets.xcassets in Resources */,
			);
			runOnlyForDeploymentPostprocessing = 0;
		};
		068701F2294B9F0600C48AAB /* Resources */ = {
			isa = PBXResourcesBuildPhase;
			buildActionMask = 2147483647;
			files = (
				06ADD90C2950E4BE0022658B /* @Mock-ArticleData.json in Resources */,
				06ADD90E2950E51B0022658B /* @Mock-Empty-ArticleData.json in Resources */,
			);
			runOnlyForDeploymentPostprocessing = 0;
		};
		068701FC294B9F0600C48AAB /* Resources */ = {
			isa = PBXResourcesBuildPhase;
			buildActionMask = 2147483647;
			files = (
			);
			runOnlyForDeploymentPostprocessing = 0;
		};
/* End PBXResourcesBuildPhase section */

/* Begin PBXSourcesBuildPhase section */
		068701E0294B9F0200C48AAB /* Sources */ = {
			isa = PBXSourcesBuildPhase;
			buildActionMask = 2147483647;
			files = (
				06ADD9122951E0930022658B /* PersistentStoringProtocol.swift in Sources */,
				062B9D3C294BCFA000DC645C /* CarViewData.swift in Sources */,
				06870259294BBC8100C48AAB /* AppDelegate.swift in Sources */,
				062B9D34294BCFA000DC645C /* CDFetchResultPublisher.swift in Sources */,
				062B9D40294BCFA000DC645C /* AppConstants.swift in Sources */,
				062B9D43294BCFA000DC645C /* CarPersistenceWorker.swift in Sources */,
				0690ECEF297B4EA200FE6C96 /* NetworkReachability.swift in Sources */,
				0690ECEB297A04F500FE6C96 /* CarListConfigurator.swift in Sources */,
				062B9D35294BCFA000DC645C /* CDSaveModelPublisher.swift in Sources */,
				064C5EF42959CAC500B646CA /* Car+CoreDataClass.swift in Sources */,
				062B9D3D294BCFA000DC645C /* CarData.swift in Sources */,
				0690ECE92979F6D500FE6C96 /* CarListViewState.swift in Sources */,
				061429AA2958C765006FE89B /* Config.swift in Sources */,
				068701EA294B9F0200C48AAB /* CarListView.swift in Sources */,
				06870256294BB87500C48AAB /* SceneDelegate.swift in Sources */,
				062B9D37294BCFA000DC645C /* CarAPIClientProtocol.swift in Sources */,
				062B9D31294BCFA000DC645C /* CarLocalRepository.swift in Sources */,
				064C5EF32959CAC500B646CA /* Car+CoreDataProperties.swift in Sources */,
				068701E8294B9F0200C48AAB /* CarsApp.swift in Sources */,
				062B9D38294BCFA000DC645C /* CarAPIRepository.swift in Sources */,
				066FB8482953A66B00DAD613 /* SplashView.swift in Sources */,
				062B9D3B294BCFA000DC645C /* CarContent.swift in Sources */,
				0690ECB02979ADFB00FE6C96 /* CarListPresenter.swift in Sources */,
				062B9D3F294BCFA000DC645C /* Extensions.swift in Sources */,
				06E0ED24294BD0D400AD4D31 /* DIContainer.swift in Sources */,
				064C5EF62959CAC500B646CA /* Content+CoreDataClass.swift in Sources */,
				062B9D33294BCFA000DC645C /* DataModel_v1.xcdatamodeld in Sources */,
				062B9D11294BCF8D00DC645C /* CarListInteractor.swift in Sources */,
				062B9D3A294BCFA000DC645C /* CarArticleData.swift in Sources */,
				0676C8EB29578AC50026986F /* PersistenceService.swift in Sources */,
				062B9D39294BCFA000DC645C /* APIService.swift in Sources */,
				06ADD9142951FA190022658B /* CoreDataStack.swift in Sources */,
				06593E1F294DCF9D00406025 /* CarCell.swift in Sources */,
				0603C860297DE88300A6037B /* CarListRouter.swift in Sources */,
				062B9D42294BCFA000DC645C /* CarAPIWorker.swift in Sources */,
				064C5EF52959CAC500B646CA /* Content+CoreDataProperties.swift in Sources */,
				066FB8452953A27C00DAD613 /* ProgressLoader.swift in Sources */,
				062B9D30294BCFA000DC645C /* RepositoryProtocol.swift in Sources */,
			);
			runOnlyForDeploymentPostprocessing = 0;
		};
		068701F0294B9F0600C48AAB /* Sources */ = {
			isa = PBXSourcesBuildPhase;
			buildActionMask = 2147483647;
			files = (
				066FB82B2952633800DAD613 /* CarLocalRepoTest.swift in Sources */,
				0690ECED297B4A9C00FE6C96 /* MockCarListPresenter.swift in Sources */,
				066FB843295383BC00DAD613 /* CarsTests.swift in Sources */,
				066FB82D2952747B00DAD613 /* CoreDataStackTest.swift in Sources */,
				0676C8E92954C8910026986F /* CarListInteractorTest.swift in Sources */,
				0603C85D297DC6FF00A6037B /* CarListViewStateMock.swift in Sources */,
				06929BCD297B60E1006B47CE /* MockNetworkReachability.swift in Sources */,
				066FB8462953A27C00DAD613 /* ProgressLoader.swift in Sources */,
				066FB83E295381B900DAD613 /* CarAPIRepoTest.swift in Sources */,
				0603C85B297DC59D00A6037B /* CarListPresenterTest.swift in Sources */,
				066FB82E295336B200DAD613 /* DataModel_v1.xcdatamodeld in Sources */,
				06ADD9042950619A0022658B /* MockCarAPIRepository.swift in Sources */,
			);
			runOnlyForDeploymentPostprocessing = 0;
		};
		068701FA294B9F0600C48AAB /* Sources */ = {
			isa = PBXSourcesBuildPhase;
			buildActionMask = 2147483647;
			files = (
				06870203294B9F0600C48AAB /* CarsUITests.swift in Sources */,
				06870205294B9F0600C48AAB /* CarsUITestsLaunchTests.swift in Sources */,
			);
			runOnlyForDeploymentPostprocessing = 0;
		};
/* End PBXSourcesBuildPhase section */

/* Begin PBXTargetDependency section */
		068701F6294B9F0600C48AAB /* PBXTargetDependency */ = {
			isa = PBXTargetDependency;
			target = 068701E3294B9F0200C48AAB /* Cars */;
			targetProxy = 068701F5294B9F0600C48AAB /* PBXContainerItemProxy */;
		};
		06870200294B9F0600C48AAB /* PBXTargetDependency */ = {
			isa = PBXTargetDependency;
			target = 068701E3294B9F0200C48AAB /* Cars */;
			targetProxy = 068701FF294B9F0600C48AAB /* PBXContainerItemProxy */;
		};
/* End PBXTargetDependency section */

/* Begin XCBuildConfiguration section */
		061429A12958C17B006FE89B /* Staging */ = {
			isa = XCBuildConfiguration;
			baseConfigurationReference = 061429A72958C57F006FE89B /* Staging.xcconfig */;
			buildSettings = {
				ALWAYS_SEARCH_USER_PATHS = NO;
				CLANG_ANALYZER_NONNULL = YES;
				CLANG_ANALYZER_NUMBER_OBJECT_CONVERSION = YES_AGGRESSIVE;
				CLANG_CXX_LANGUAGE_STANDARD = "gnu++17";
				CLANG_CXX_LIBRARY = "libc++";
				CLANG_ENABLE_MODULES = YES;
				CLANG_ENABLE_OBJC_ARC = YES;
				CLANG_ENABLE_OBJC_WEAK = YES;
				CLANG_WARN_BLOCK_CAPTURE_AUTORELEASING = YES;
				CLANG_WARN_BOOL_CONVERSION = YES;
				CLANG_WARN_COMMA = YES;
				CLANG_WARN_CONSTANT_CONVERSION = YES;
				CLANG_WARN_DEPRECATED_OBJC_IMPLEMENTATIONS = YES;
				CLANG_WARN_DIRECT_OBJC_ISA_USAGE = YES_ERROR;
				CLANG_WARN_DOCUMENTATION_COMMENTS = YES;
				CLANG_WARN_EMPTY_BODY = YES;
				CLANG_WARN_ENUM_CONVERSION = YES;
				CLANG_WARN_INFINITE_RECURSION = YES;
				CLANG_WARN_INT_CONVERSION = YES;
				CLANG_WARN_NON_LITERAL_NULL_CONVERSION = YES;
				CLANG_WARN_OBJC_IMPLICIT_RETAIN_SELF = YES;
				CLANG_WARN_OBJC_LITERAL_CONVERSION = YES;
				CLANG_WARN_OBJC_ROOT_CLASS = YES_ERROR;
				CLANG_WARN_QUOTED_INCLUDE_IN_FRAMEWORK_HEADER = YES;
				CLANG_WARN_RANGE_LOOP_ANALYSIS = YES;
				CLANG_WARN_STRICT_PROTOTYPES = YES;
				CLANG_WARN_SUSPICIOUS_MOVE = YES;
				CLANG_WARN_UNGUARDED_AVAILABILITY = YES_AGGRESSIVE;
				CLANG_WARN_UNREACHABLE_CODE = YES;
				CLANG_WARN__DUPLICATE_METHOD_MATCH = YES;
				COPY_PHASE_STRIP = NO;
				DEBUG_INFORMATION_FORMAT = dwarf;
				ENABLE_STRICT_OBJC_MSGSEND = YES;
				ENABLE_TESTABILITY = YES;
				GCC_C_LANGUAGE_STANDARD = gnu11;
				GCC_DYNAMIC_NO_PIC = NO;
				GCC_NO_COMMON_BLOCKS = YES;
				GCC_OPTIMIZATION_LEVEL = 0;
				GCC_PREPROCESSOR_DEFINITIONS = (
					"DEBUG=1",
					"$(inherited)",
				);
				GCC_WARN_64_TO_32_BIT_CONVERSION = YES;
				GCC_WARN_ABOUT_RETURN_TYPE = YES_ERROR;
				GCC_WARN_UNDECLARED_SELECTOR = YES;
				GCC_WARN_UNINITIALIZED_AUTOS = YES_AGGRESSIVE;
				GCC_WARN_UNUSED_FUNCTION = YES;
				GCC_WARN_UNUSED_VARIABLE = YES;
				IPHONEOS_DEPLOYMENT_TARGET = 14.0;
				MTL_ENABLE_DEBUG_INFO = INCLUDE_SOURCE;
				MTL_FAST_MATH = YES;
				ONLY_ACTIVE_ARCH = YES;
				SDKROOT = iphoneos;
				SWIFT_ACTIVE_COMPILATION_CONDITIONS = STAGING;
				SWIFT_OPTIMIZATION_LEVEL = "-Onone";
			};
			name = Staging;
		};
		061429A22958C17B006FE89B /* Staging */ = {
			isa = XCBuildConfiguration;
			buildSettings = {
				ASSETCATALOG_COMPILER_APPICON_NAME = AppIcon;
				ASSETCATALOG_COMPILER_GLOBAL_ACCENT_COLOR_NAME = AccentColor;
				CODE_SIGN_STYLE = Automatic;
				CURRENT_PROJECT_VERSION = 1;
				DEVELOPMENT_ASSET_PATHS = "\"Cars/Preview Content\"";
				DEVELOPMENT_TEAM = PFWDJTA42U;
				ENABLE_PREVIEWS = YES;
				GENERATE_INFOPLIST_FILE = YES;
				INFOPLIST_FILE = Cars/Info.plist;
				INFOPLIST_KEY_UIApplicationSupportsIndirectInputEvents = YES;
				INFOPLIST_KEY_UILaunchScreen_Generation = YES;
				INFOPLIST_KEY_UISupportedInterfaceOrientations_iPad = "UIInterfaceOrientationPortrait UIInterfaceOrientationPortraitUpsideDown UIInterfaceOrientationLandscapeLeft UIInterfaceOrientationLandscapeRight";
				INFOPLIST_KEY_UISupportedInterfaceOrientations_iPhone = "UIInterfaceOrientationPortrait UIInterfaceOrientationLandscapeLeft UIInterfaceOrientationLandscapeRight";
				IPHONEOS_DEPLOYMENT_TARGET = 15.0;
				LD_RUNPATH_SEARCH_PATHS = (
					"$(inherited)",
					"@executable_path/Frameworks",
				);
				MARKETING_VERSION = 1.0;
				PRODUCT_BUNDLE_IDENTIFIER = com.sevenpeakssoftware.abubakarsiddique;
				PRODUCT_NAME = "$(TARGET_NAME)";
				SWIFT_EMIT_LOC_STRINGS = YES;
				SWIFT_VERSION = 5.0;
				TARGETED_DEVICE_FAMILY = "1,2";
			};
			name = Staging;
		};
		061429A32958C17B006FE89B /* Staging */ = {
			isa = XCBuildConfiguration;
			buildSettings = {
				ALWAYS_EMBED_SWIFT_STANDARD_LIBRARIES = YES;
				BUNDLE_LOADER = "$(TEST_HOST)";
				CODE_SIGN_STYLE = Automatic;
				CURRENT_PROJECT_VERSION = 1;
				DEVELOPMENT_TEAM = PFWDJTA42U;
				GENERATE_INFOPLIST_FILE = YES;
				IPHONEOS_DEPLOYMENT_TARGET = 15.0;
				LD_RUNPATH_SEARCH_PATHS = (
					"$(inherited)",
					"@executable_path/Frameworks",
					"@loader_path/Frameworks",
				);
				MARKETING_VERSION = 1.0;
				PRODUCT_BUNDLE_IDENTIFIER = com.sevenpeakssoftware.abubakarsiddique.CarsTests;
				PRODUCT_NAME = "$(TARGET_NAME)";
				SWIFT_EMIT_LOC_STRINGS = NO;
				SWIFT_VERSION = 5.0;
				TARGETED_DEVICE_FAMILY = "1,2";
				TEST_HOST = "$(BUILT_PRODUCTS_DIR)/Cars.app/Cars";
			};
			name = Staging;
		};
		061429A42958C17B006FE89B /* Staging */ = {
			isa = XCBuildConfiguration;
			buildSettings = {
				ALWAYS_EMBED_SWIFT_STANDARD_LIBRARIES = YES;
				CODE_SIGN_STYLE = Automatic;
				CURRENT_PROJECT_VERSION = 1;
				DEVELOPMENT_TEAM = PFWDJTA42U;
				GENERATE_INFOPLIST_FILE = YES;
				LD_RUNPATH_SEARCH_PATHS = (
					"$(inherited)",
					"@executable_path/Frameworks",
					"@loader_path/Frameworks",
				);
				MARKETING_VERSION = 1.0;
				PRODUCT_BUNDLE_IDENTIFIER = com.sevenpeakssoftware.abubakarsiddique.CarsUITests;
				PRODUCT_NAME = "$(TARGET_NAME)";
				SWIFT_EMIT_LOC_STRINGS = NO;
				SWIFT_VERSION = 5.0;
				TARGETED_DEVICE_FAMILY = "1,2";
				TEST_TARGET_NAME = Cars;
			};
			name = Staging;
		};
		06870206294B9F0600C48AAB /* Debug */ = {
			isa = XCBuildConfiguration;
			baseConfigurationReference = 061429A62958C56C006FE89B /* Debug.xcconfig */;
			buildSettings = {
				ALWAYS_SEARCH_USER_PATHS = NO;
				CLANG_ANALYZER_NONNULL = YES;
				CLANG_ANALYZER_NUMBER_OBJECT_CONVERSION = YES_AGGRESSIVE;
				CLANG_CXX_LANGUAGE_STANDARD = "gnu++17";
				CLANG_CXX_LIBRARY = "libc++";
				CLANG_ENABLE_MODULES = YES;
				CLANG_ENABLE_OBJC_ARC = YES;
				CLANG_ENABLE_OBJC_WEAK = YES;
				CLANG_WARN_BLOCK_CAPTURE_AUTORELEASING = YES;
				CLANG_WARN_BOOL_CONVERSION = YES;
				CLANG_WARN_COMMA = YES;
				CLANG_WARN_CONSTANT_CONVERSION = YES;
				CLANG_WARN_DEPRECATED_OBJC_IMPLEMENTATIONS = YES;
				CLANG_WARN_DIRECT_OBJC_ISA_USAGE = YES_ERROR;
				CLANG_WARN_DOCUMENTATION_COMMENTS = YES;
				CLANG_WARN_EMPTY_BODY = YES;
				CLANG_WARN_ENUM_CONVERSION = YES;
				CLANG_WARN_INFINITE_RECURSION = YES;
				CLANG_WARN_INT_CONVERSION = YES;
				CLANG_WARN_NON_LITERAL_NULL_CONVERSION = YES;
				CLANG_WARN_OBJC_IMPLICIT_RETAIN_SELF = YES;
				CLANG_WARN_OBJC_LITERAL_CONVERSION = YES;
				CLANG_WARN_OBJC_ROOT_CLASS = YES_ERROR;
				CLANG_WARN_QUOTED_INCLUDE_IN_FRAMEWORK_HEADER = YES;
				CLANG_WARN_RANGE_LOOP_ANALYSIS = YES;
				CLANG_WARN_STRICT_PROTOTYPES = YES;
				CLANG_WARN_SUSPICIOUS_MOVE = YES;
				CLANG_WARN_UNGUARDED_AVAILABILITY = YES_AGGRESSIVE;
				CLANG_WARN_UNREACHABLE_CODE = YES;
				CLANG_WARN__DUPLICATE_METHOD_MATCH = YES;
				COPY_PHASE_STRIP = NO;
				DEBUG_INFORMATION_FORMAT = dwarf;
				ENABLE_STRICT_OBJC_MSGSEND = YES;
				ENABLE_TESTABILITY = YES;
				GCC_C_LANGUAGE_STANDARD = gnu11;
				GCC_DYNAMIC_NO_PIC = NO;
				GCC_NO_COMMON_BLOCKS = YES;
				GCC_OPTIMIZATION_LEVEL = 0;
				GCC_PREPROCESSOR_DEFINITIONS = (
					"DEBUG=1",
					"$(inherited)",
				);
				GCC_WARN_64_TO_32_BIT_CONVERSION = YES;
				GCC_WARN_ABOUT_RETURN_TYPE = YES_ERROR;
				GCC_WARN_UNDECLARED_SELECTOR = YES;
				GCC_WARN_UNINITIALIZED_AUTOS = YES_AGGRESSIVE;
				GCC_WARN_UNUSED_FUNCTION = YES;
				GCC_WARN_UNUSED_VARIABLE = YES;
				IPHONEOS_DEPLOYMENT_TARGET = 14.0;
				MTL_ENABLE_DEBUG_INFO = INCLUDE_SOURCE;
				MTL_FAST_MATH = YES;
				ONLY_ACTIVE_ARCH = YES;
				SDKROOT = iphoneos;
				SWIFT_ACTIVE_COMPILATION_CONDITIONS = DEBUG;
				SWIFT_OPTIMIZATION_LEVEL = "-Onone";
			};
			name = Debug;
		};
		06870207294B9F0600C48AAB /* Release */ = {
			isa = XCBuildConfiguration;
			baseConfigurationReference = 061429A82958C58F006FE89B /* Release.xcconfig */;
			buildSettings = {
				ALWAYS_SEARCH_USER_PATHS = NO;
				CLANG_ANALYZER_NONNULL = YES;
				CLANG_ANALYZER_NUMBER_OBJECT_CONVERSION = YES_AGGRESSIVE;
				CLANG_CXX_LANGUAGE_STANDARD = "gnu++17";
				CLANG_CXX_LIBRARY = "libc++";
				CLANG_ENABLE_MODULES = YES;
				CLANG_ENABLE_OBJC_ARC = YES;
				CLANG_ENABLE_OBJC_WEAK = YES;
				CLANG_WARN_BLOCK_CAPTURE_AUTORELEASING = YES;
				CLANG_WARN_BOOL_CONVERSION = YES;
				CLANG_WARN_COMMA = YES;
				CLANG_WARN_CONSTANT_CONVERSION = YES;
				CLANG_WARN_DEPRECATED_OBJC_IMPLEMENTATIONS = YES;
				CLANG_WARN_DIRECT_OBJC_ISA_USAGE = YES_ERROR;
				CLANG_WARN_DOCUMENTATION_COMMENTS = YES;
				CLANG_WARN_EMPTY_BODY = YES;
				CLANG_WARN_ENUM_CONVERSION = YES;
				CLANG_WARN_INFINITE_RECURSION = YES;
				CLANG_WARN_INT_CONVERSION = YES;
				CLANG_WARN_NON_LITERAL_NULL_CONVERSION = YES;
				CLANG_WARN_OBJC_IMPLICIT_RETAIN_SELF = YES;
				CLANG_WARN_OBJC_LITERAL_CONVERSION = YES;
				CLANG_WARN_OBJC_ROOT_CLASS = YES_ERROR;
				CLANG_WARN_QUOTED_INCLUDE_IN_FRAMEWORK_HEADER = YES;
				CLANG_WARN_RANGE_LOOP_ANALYSIS = YES;
				CLANG_WARN_STRICT_PROTOTYPES = YES;
				CLANG_WARN_SUSPICIOUS_MOVE = YES;
				CLANG_WARN_UNGUARDED_AVAILABILITY = YES_AGGRESSIVE;
				CLANG_WARN_UNREACHABLE_CODE = YES;
				CLANG_WARN__DUPLICATE_METHOD_MATCH = YES;
				COPY_PHASE_STRIP = NO;
				DEBUG_INFORMATION_FORMAT = "dwarf-with-dsym";
				ENABLE_NS_ASSERTIONS = NO;
				ENABLE_STRICT_OBJC_MSGSEND = YES;
				GCC_C_LANGUAGE_STANDARD = gnu11;
				GCC_NO_COMMON_BLOCKS = YES;
				GCC_WARN_64_TO_32_BIT_CONVERSION = YES;
				GCC_WARN_ABOUT_RETURN_TYPE = YES_ERROR;
				GCC_WARN_UNDECLARED_SELECTOR = YES;
				GCC_WARN_UNINITIALIZED_AUTOS = YES_AGGRESSIVE;
				GCC_WARN_UNUSED_FUNCTION = YES;
				GCC_WARN_UNUSED_VARIABLE = YES;
				IPHONEOS_DEPLOYMENT_TARGET = 14.0;
				MTL_ENABLE_DEBUG_INFO = NO;
				MTL_FAST_MATH = YES;
				SDKROOT = iphoneos;
				SWIFT_ACTIVE_COMPILATION_CONDITIONS = RELEASE;
				SWIFT_COMPILATION_MODE = wholemodule;
				SWIFT_OPTIMIZATION_LEVEL = "-O";
				VALIDATE_PRODUCT = YES;
			};
			name = Release;
		};
		06870209294B9F0600C48AAB /* Debug */ = {
			isa = XCBuildConfiguration;
			buildSettings = {
				ASSETCATALOG_COMPILER_APPICON_NAME = AppIcon;
				ASSETCATALOG_COMPILER_GLOBAL_ACCENT_COLOR_NAME = AccentColor;
				CODE_SIGN_STYLE = Automatic;
				CURRENT_PROJECT_VERSION = 1;
				DEVELOPMENT_ASSET_PATHS = "\"Cars/Preview Content\"";
				DEVELOPMENT_TEAM = PFWDJTA42U;
				ENABLE_PREVIEWS = YES;
				GENERATE_INFOPLIST_FILE = YES;
				INFOPLIST_FILE = Cars/Info.plist;
				INFOPLIST_KEY_UIApplicationSupportsIndirectInputEvents = YES;
				INFOPLIST_KEY_UILaunchScreen_Generation = YES;
				INFOPLIST_KEY_UISupportedInterfaceOrientations_iPad = "UIInterfaceOrientationPortrait UIInterfaceOrientationPortraitUpsideDown UIInterfaceOrientationLandscapeLeft UIInterfaceOrientationLandscapeRight";
				INFOPLIST_KEY_UISupportedInterfaceOrientations_iPhone = "UIInterfaceOrientationPortrait UIInterfaceOrientationLandscapeLeft UIInterfaceOrientationLandscapeRight";
				IPHONEOS_DEPLOYMENT_TARGET = 15.0;
				LD_RUNPATH_SEARCH_PATHS = (
					"$(inherited)",
					"@executable_path/Frameworks",
				);
				MARKETING_VERSION = 1.0;
				PRODUCT_BUNDLE_IDENTIFIER = com.sevenpeakssoftware.abubakarsiddique;
				PRODUCT_NAME = "$(TARGET_NAME)";
				SWIFT_EMIT_LOC_STRINGS = YES;
				SWIFT_VERSION = 5.0;
				TARGETED_DEVICE_FAMILY = "1,2";
			};
			name = Debug;
		};
		0687020A294B9F0600C48AAB /* Release */ = {
			isa = XCBuildConfiguration;
			buildSettings = {
				ASSETCATALOG_COMPILER_APPICON_NAME = AppIcon;
				ASSETCATALOG_COMPILER_GLOBAL_ACCENT_COLOR_NAME = AccentColor;
				CODE_SIGN_STYLE = Automatic;
				CURRENT_PROJECT_VERSION = 1;
				DEVELOPMENT_ASSET_PATHS = "\"Cars/Preview Content\"";
				DEVELOPMENT_TEAM = PFWDJTA42U;
				ENABLE_PREVIEWS = YES;
				GENERATE_INFOPLIST_FILE = YES;
				INFOPLIST_FILE = Cars/Info.plist;
				INFOPLIST_KEY_UIApplicationSupportsIndirectInputEvents = YES;
				INFOPLIST_KEY_UILaunchScreen_Generation = YES;
				INFOPLIST_KEY_UISupportedInterfaceOrientations_iPad = "UIInterfaceOrientationPortrait UIInterfaceOrientationPortraitUpsideDown UIInterfaceOrientationLandscapeLeft UIInterfaceOrientationLandscapeRight";
				INFOPLIST_KEY_UISupportedInterfaceOrientations_iPhone = "UIInterfaceOrientationPortrait UIInterfaceOrientationLandscapeLeft UIInterfaceOrientationLandscapeRight";
				IPHONEOS_DEPLOYMENT_TARGET = 15.0;
				LD_RUNPATH_SEARCH_PATHS = (
					"$(inherited)",
					"@executable_path/Frameworks",
				);
				MARKETING_VERSION = 1.0;
				PRODUCT_BUNDLE_IDENTIFIER = com.sevenpeakssoftware.abubakarsiddique;
				PRODUCT_NAME = "$(TARGET_NAME)";
				SWIFT_EMIT_LOC_STRINGS = YES;
				SWIFT_VERSION = 5.0;
				TARGETED_DEVICE_FAMILY = "1,2";
			};
			name = Release;
		};
		0687020C294B9F0600C48AAB /* Debug */ = {
			isa = XCBuildConfiguration;
			buildSettings = {
				ALWAYS_EMBED_SWIFT_STANDARD_LIBRARIES = YES;
				BUNDLE_LOADER = "$(TEST_HOST)";
				CODE_SIGN_STYLE = Automatic;
				CURRENT_PROJECT_VERSION = 1;
				DEVELOPMENT_TEAM = PFWDJTA42U;
				GENERATE_INFOPLIST_FILE = YES;
				IPHONEOS_DEPLOYMENT_TARGET = 15.0;
				LD_RUNPATH_SEARCH_PATHS = (
					"$(inherited)",
					"@executable_path/Frameworks",
					"@loader_path/Frameworks",
				);
				MARKETING_VERSION = 1.0;
				PRODUCT_BUNDLE_IDENTIFIER = com.sevenpeakssoftware.abubakarsiddique.CarsTests;
				PRODUCT_NAME = "$(TARGET_NAME)";
				SWIFT_EMIT_LOC_STRINGS = NO;
				SWIFT_VERSION = 5.0;
				TARGETED_DEVICE_FAMILY = "1,2";
				TEST_HOST = "$(BUILT_PRODUCTS_DIR)/Cars.app/Cars";
			};
			name = Debug;
		};
		0687020D294B9F0600C48AAB /* Release */ = {
			isa = XCBuildConfiguration;
			buildSettings = {
				ALWAYS_EMBED_SWIFT_STANDARD_LIBRARIES = YES;
				BUNDLE_LOADER = "$(TEST_HOST)";
				CODE_SIGN_STYLE = Automatic;
				CURRENT_PROJECT_VERSION = 1;
				DEVELOPMENT_TEAM = PFWDJTA42U;
				GENERATE_INFOPLIST_FILE = YES;
				IPHONEOS_DEPLOYMENT_TARGET = 15.0;
				LD_RUNPATH_SEARCH_PATHS = (
					"$(inherited)",
					"@executable_path/Frameworks",
					"@loader_path/Frameworks",
				);
				MARKETING_VERSION = 1.0;
				PRODUCT_BUNDLE_IDENTIFIER = com.sevenpeakssoftware.abubakarsiddique.CarsTests;
				PRODUCT_NAME = "$(TARGET_NAME)";
				SWIFT_EMIT_LOC_STRINGS = NO;
				SWIFT_VERSION = 5.0;
				TARGETED_DEVICE_FAMILY = "1,2";
				TEST_HOST = "$(BUILT_PRODUCTS_DIR)/Cars.app/Cars";
			};
			name = Release;
		};
		0687020F294B9F0600C48AAB /* Debug */ = {
			isa = XCBuildConfiguration;
			buildSettings = {
				ALWAYS_EMBED_SWIFT_STANDARD_LIBRARIES = YES;
				CODE_SIGN_STYLE = Automatic;
				CURRENT_PROJECT_VERSION = 1;
				DEVELOPMENT_TEAM = PFWDJTA42U;
				GENERATE_INFOPLIST_FILE = YES;
				LD_RUNPATH_SEARCH_PATHS = (
					"$(inherited)",
					"@executable_path/Frameworks",
					"@loader_path/Frameworks",
				);
				MARKETING_VERSION = 1.0;
				PRODUCT_BUNDLE_IDENTIFIER = com.sevenpeakssoftware.abubakarsiddique.CarsUITests;
				PRODUCT_NAME = "$(TARGET_NAME)";
				SWIFT_EMIT_LOC_STRINGS = NO;
				SWIFT_VERSION = 5.0;
				TARGETED_DEVICE_FAMILY = "1,2";
				TEST_TARGET_NAME = Cars;
			};
			name = Debug;
		};
		06870210294B9F0600C48AAB /* Release */ = {
			isa = XCBuildConfiguration;
			buildSettings = {
				ALWAYS_EMBED_SWIFT_STANDARD_LIBRARIES = YES;
				CODE_SIGN_STYLE = Automatic;
				CURRENT_PROJECT_VERSION = 1;
				DEVELOPMENT_TEAM = PFWDJTA42U;
				GENERATE_INFOPLIST_FILE = YES;
				LD_RUNPATH_SEARCH_PATHS = (
					"$(inherited)",
					"@executable_path/Frameworks",
					"@loader_path/Frameworks",
				);
				MARKETING_VERSION = 1.0;
				PRODUCT_BUNDLE_IDENTIFIER = com.sevenpeakssoftware.abubakarsiddique.CarsUITests;
				PRODUCT_NAME = "$(TARGET_NAME)";
				SWIFT_EMIT_LOC_STRINGS = NO;
				SWIFT_VERSION = 5.0;
				TARGETED_DEVICE_FAMILY = "1,2";
				TEST_TARGET_NAME = Cars;
			};
			name = Release;
		};
/* End XCBuildConfiguration section */

/* Begin XCConfigurationList section */
		068701DF294B9F0200C48AAB /* Build configuration list for PBXProject "Cars" */ = {
			isa = XCConfigurationList;
			buildConfigurations = (
				06870206294B9F0600C48AAB /* Debug */,
				061429A12958C17B006FE89B /* Staging */,
				06870207294B9F0600C48AAB /* Release */,
			);
			defaultConfigurationIsVisible = 0;
			defaultConfigurationName = Release;
		};
		06870208294B9F0600C48AAB /* Build configuration list for PBXNativeTarget "Cars" */ = {
			isa = XCConfigurationList;
			buildConfigurations = (
				06870209294B9F0600C48AAB /* Debug */,
				061429A22958C17B006FE89B /* Staging */,
				0687020A294B9F0600C48AAB /* Release */,
			);
			defaultConfigurationIsVisible = 0;
			defaultConfigurationName = Release;
		};
		0687020B294B9F0600C48AAB /* Build configuration list for PBXNativeTarget "CarsTests" */ = {
			isa = XCConfigurationList;
			buildConfigurations = (
				0687020C294B9F0600C48AAB /* Debug */,
				061429A32958C17B006FE89B /* Staging */,
				0687020D294B9F0600C48AAB /* Release */,
			);
			defaultConfigurationIsVisible = 0;
			defaultConfigurationName = Release;
		};
		0687020E294B9F0600C48AAB /* Build configuration list for PBXNativeTarget "CarsUITests" */ = {
			isa = XCConfigurationList;
			buildConfigurations = (
				0687020F294B9F0600C48AAB /* Debug */,
				061429A42958C17B006FE89B /* Staging */,
				06870210294B9F0600C48AAB /* Release */,
			);
			defaultConfigurationIsVisible = 0;
			defaultConfigurationName = Release;
		};
/* End XCConfigurationList section */

/* Begin XCRemoteSwiftPackageReference section */
		06098556294E48BD006AE465 /* XCRemoteSwiftPackageReference "CombineReachability" */ = {
			isa = XCRemoteSwiftPackageReference;
			repositoryURL = "https://github.com/istvan-kreisz/CombineReachability.git";
			requirement = {
				kind = upToNextMajorVersion;
				minimumVersion = 1.0.0;
			};
		};
		060BF8752953ACE100CA82E8 /* XCRemoteSwiftPackageReference "AlertToast" */ = {
			isa = XCRemoteSwiftPackageReference;
			repositoryURL = "https://github.com/elai950/AlertToast.git";
			requirement = {
				kind = upToNextMajorVersion;
				minimumVersion = 1.0.0;
			};
		};
		06870243294BA0F100C48AAB /* XCRemoteSwiftPackageReference "Swinject" */ = {
			isa = XCRemoteSwiftPackageReference;
			repositoryURL = "https://github.com/Swinject/Swinject.git";
			requirement = {
				branch = master;
				kind = branch;
			};
		};
/* End XCRemoteSwiftPackageReference section */

/* Begin XCSwiftPackageProductDependency section */
		06098557294E48BD006AE465 /* CombineReachability */ = {
			isa = XCSwiftPackageProductDependency;
			package = 06098556294E48BD006AE465 /* XCRemoteSwiftPackageReference "CombineReachability" */;
			productName = CombineReachability;
		};
		060BF8762953ACE100CA82E8 /* AlertToast */ = {
			isa = XCSwiftPackageProductDependency;
			package = 060BF8752953ACE100CA82E8 /* XCRemoteSwiftPackageReference "AlertToast" */;
			productName = AlertToast;
		};
		06870244294BA0F100C48AAB /* Swinject */ = {
			isa = XCSwiftPackageProductDependency;
			package = 06870243294BA0F100C48AAB /* XCRemoteSwiftPackageReference "Swinject" */;
			productName = Swinject;
		};
/* End XCSwiftPackageProductDependency section */

/* Begin XCVersionGroup section */
		062B9D17294BCFA000DC645C /* DataModel_v1.xcdatamodeld */ = {
			isa = XCVersionGroup;
			children = (
				062B9D18294BCFA000DC645C /* DataModel_v1.xcdatamodel */,
			);
			currentVersion = 062B9D18294BCFA000DC645C /* DataModel_v1.xcdatamodel */;
			path = DataModel_v1.xcdatamodeld;
			sourceTree = "<group>";
			versionGroupType = wrapper.xcdatamodel;
		};
/* End XCVersionGroup section */
	};
	rootObject = 068701DC294B9F0200C48AAB /* Project object */;
}
