{
  "pins" : [
    {
      "identity" : "combinereachability",
      "kind" : "remoteSourceControl",
      "location" : "https://github.com/istvan-kreisz/CombineReachability.git",
      "state" : {
        "revision" : "ba1cb2adeb111ee3ce475404ca1cdfb322505281",
        "version" : "1.0.1"
      }
    },
    {
      "identity" : "reachability.swift",
      "kind" : "remoteSourceControl",
      "location" : "https://github.com/ashleymills/Reachability.swift",
      "state" : {
        "revision" : "c01bbdf2d633cf049ae1ed1a68a2020a8bda32e2",
        "version" : "5.1.0"
      }
    },
    {
      "identity" : "urlrequestbuilder",
      "kind" : "remoteSourceControl",
      "location" : "https://github.com/binarysid/URLRequestBuilder",
      "state" : {
        "branch" : "main",
        "revision" : "cd40d60263b8a4650968ad910dad786618b60d8a"
      }
    },
    {
      "identity" : "webservice",
      "kind" : "remoteSourceControl",
      "location" : "https://github.com/binarysid/WebService.git",
      "state" : {
        "branch" : "main",
        "revision" : "9403c946df188d3c9ce6e7ab7edf928ec9fa9f92"
      }
    }
  ],
  "version" : 2
}
